// !$*UTF8*$!
{
	archiveVersion = 1;
	classes = {
	};
	objectVersion = 56;
	objects = {

/* Begin PBXBuildFile section */
		DDEA58DC2B3A95FE005D6F20 /* AppDelegate.swift in Sources */ = {isa = PBXBuildFile; fileRef = DDEA58DB2B3A95FE005D6F20 /* AppDelegate.swift */; };
		DDEA58DE2B3A95FE005D6F20 /* SceneDelegate.swift in Sources */ = {isa = PBXBuildFile; fileRef = DDEA58DD2B3A95FE005D6F20 /* SceneDelegate.swift */; };
		DDEA58E32B3A95FE005D6F20 /* Main.storyboard in Resources */ = {isa = PBXBuildFile; fileRef = DDEA58E12B3A95FE005D6F20 /* Main.storyboard */; };
		DDEA58E62B3A95FE005D6F20 /* ShreemadBhagvadGeeta.xcdatamodeld in Sources */ = {isa = PBXBuildFile; fileRef = DDEA58E42B3A95FE005D6F20 /* ShreemadBhagvadGeeta.xcdatamodeld */; };
		DDEA58E82B3A9602005D6F20 /* Assets.xcassets in Resources */ = {isa = PBXBuildFile; fileRef = DDEA58E72B3A9602005D6F20 /* Assets.xcassets */; };
		DDEA58EB2B3A9602005D6F20 /* LaunchScreen.storyboard in Resources */ = {isa = PBXBuildFile; fileRef = DDEA58E92B3A9602005D6F20 /* LaunchScreen.storyboard */; };
		DDEA59052B3A9E3A005D6F20 /* BhagdaxGeetaIndex.swift in Sources */ = {isa = PBXBuildFile; fileRef = DDEA59042B3A9E3A005D6F20 /* BhagdaxGeetaIndex.swift */; };
		DDEA59072B3A9EDD005D6F20 /* IndexCell.swift in Sources */ = {isa = PBXBuildFile; fileRef = DDEA59062B3A9EDD005D6F20 /* IndexCell.swift */; };
		DDEA590A2B3AA4ED005D6F20 /* Alamofire in Frameworks */ = {isa = PBXBuildFile; productRef = DDEA59092B3AA4ED005D6F20 /* Alamofire */; };
		DDEA590C2B3AAAF9005D6F20 /* BhagvadGeetaShlok.swift in Sources */ = {isa = PBXBuildFile; fileRef = DDEA590B2B3AAAF9005D6F20 /* BhagvadGeetaShlok.swift */; };
/* End PBXBuildFile section */

/* Begin PBXFileReference section */
		DDEA58D82B3A95FE005D6F20 /* ShreemadBhagvadGeeta.app */ = {isa = PBXFileReference; explicitFileType = wrapper.application; includeInIndex = 0; path = ShreemadBhagvadGeeta.app; sourceTree = BUILT_PRODUCTS_DIR; };
		DDEA58DB2B3A95FE005D6F20 /* AppDelegate.swift */ = {isa = PBXFileReference; lastKnownFileType = sourcecode.swift; path = AppDelegate.swift; sourceTree = "<group>"; };
		DDEA58DD2B3A95FE005D6F20 /* SceneDelegate.swift */ = {isa = PBXFileReference; lastKnownFileType = sourcecode.swift; path = SceneDelegate.swift; sourceTree = "<group>"; };
		DDEA58E22B3A95FE005D6F20 /* Base */ = {isa = PBXFileReference; lastKnownFileType = file.storyboard; name = Base; path = Base.lproj/Main.storyboard; sourceTree = "<group>"; };
		DDEA58E52B3A95FE005D6F20 /* ShreemadBhagvadGeeta.xcdatamodel */ = {isa = PBXFileReference; lastKnownFileType = wrapper.xcdatamodel; path = ShreemadBhagvadGeeta.xcdatamodel; sourceTree = "<group>"; };
		DDEA58E72B3A9602005D6F20 /* Assets.xcassets */ = {isa = PBXFileReference; lastKnownFileType = folder.assetcatalog; path = Assets.xcassets; sourceTree = "<group>"; };
		DDEA58EA2B3A9602005D6F20 /* Base */ = {isa = PBXFileReference; lastKnownFileType = file.storyboard; name = Base; path = Base.lproj/LaunchScreen.storyboard; sourceTree = "<group>"; };
		DDEA58EC2B3A9602005D6F20 /* Info.plist */ = {isa = PBXFileReference; lastKnownFileType = text.plist.xml; path = Info.plist; sourceTree = "<group>"; };
		DDEA59042B3A9E3A005D6F20 /* BhagdaxGeetaIndex.swift */ = {isa = PBXFileReference; lastKnownFileType = sourcecode.swift; path = BhagdaxGeetaIndex.swift; sourceTree = "<group>"; };
		DDEA59062B3A9EDD005D6F20 /* IndexCell.swift */ = {isa = PBXFileReference; lastKnownFileType = sourcecode.swift; path = IndexCell.swift; sourceTree = "<group>"; };
		DDEA590B2B3AAAF9005D6F20 /* BhagvadGeetaShlok.swift */ = {isa = PBXFileReference; lastKnownFileType = sourcecode.swift; path = BhagvadGeetaShlok.swift; sourceTree = "<group>"; };
/* End PBXFileReference section */

/* Begin PBXFrameworksBuildPhase section */
		DDEA58D52B3A95FE005D6F20 /* Frameworks */ = {
			isa = PBXFrameworksBuildPhase;
			buildActionMask = 2147483647;
			files = (
				DDEA590A2B3AA4ED005D6F20 /* Alamofire in Frameworks */,
			);
			runOnlyForDeploymentPostprocessing = 0;
		};
/* End PBXFrameworksBuildPhase section */

/* Begin PBXGroup section */
		DDEA58CF2B3A95FE005D6F20 = {
			isa = PBXGroup;
			children = (
				DDEA590B2B3AAAF9005D6F20 /* BhagvadGeetaShlok.swift */,
				DDEA59062B3A9EDD005D6F20 /* IndexCell.swift */,
				DDEA59042B3A9E3A005D6F20 /* BhagdaxGeetaIndex.swift */,
				DDEA58DA2B3A95FE005D6F20 /* ShreemadBhagvadGeeta */,
				DDEA58D92B3A95FE005D6F20 /* Products */,
			);
			sourceTree = "<group>";
		};
		DDEA58D92B3A95FE005D6F20 /* Products */ = {
			isa = PBXGroup;
			children = (
				DDEA58D82B3A95FE005D6F20 /* ShreemadBhagvadGeeta.app */,
			);
			name = Products;
			sourceTree = "<group>";
		};
		DDEA58DA2B3A95FE005D6F20 /* ShreemadBhagvadGeeta */ = {
			isa = PBXGroup;
			children = (
				DDEA58DB2B3A95FE005D6F20 /* AppDelegate.swift */,
				DDEA58DD2B3A95FE005D6F20 /* SceneDelegate.swift */,
				DDEA58E12B3A95FE005D6F20 /* Main.storyboard */,
				DDEA58E72B3A9602005D6F20 /* Assets.xcassets */,
				DDEA58E92B3A9602005D6F20 /* LaunchScreen.storyboard */,
				DDEA58EC2B3A9602005D6F20 /* Info.plist */,
				DDEA58E42B3A95FE005D6F20 /* ShreemadBhagvadGeeta.xcdatamodeld */,
			);
			path = ShreemadBhagvadGeeta;
			sourceTree = "<group>";
		};
/* End PBXGroup section */

/* Begin PBXNativeTarget section */
		DDEA58D72B3A95FE005D6F20 /* ShreemadBhagvadGeeta */ = {
			isa = PBXNativeTarget;
			buildConfigurationList = DDEA58EF2B3A9602005D6F20 /* Build configuration list for PBXNativeTarget "ShreemadBhagvadGeeta" */;
			buildPhases = (
				DDEA58D42B3A95FE005D6F20 /* Sources */,
				DDEA58D52B3A95FE005D6F20 /* Frameworks */,
				DDEA58D62B3A95FE005D6F20 /* Resources */,
			);
			buildRules = (
			);
			dependencies = (
			);
			name = ShreemadBhagvadGeeta;
			packageProductDependencies = (
				DDEA59092B3AA4ED005D6F20 /* Alamofire */,
			);
			productName = ShreemadBhagvadGeeta;
			productReference = DDEA58D82B3A95FE005D6F20 /* ShreemadBhagvadGeeta.app */;
			productType = "com.apple.product-type.application";
		};
/* End PBXNativeTarget section */

/* Begin PBXProject section */
		DDEA58D02B3A95FE005D6F20 /* Project object */ = {
			isa = PBXProject;
			attributes = {
				BuildIndependentTargetsInParallel = 1;
				LastSwiftUpdateCheck = 1500;
				LastUpgradeCheck = 1500;
				TargetAttributes = {
					DDEA58D72B3A95FE005D6F20 = {
						CreatedOnToolsVersion = 15.0;
					};
				};
			};
			buildConfigurationList = DDEA58D32B3A95FE005D6F20 /* Build configuration list for PBXProject "ShreemadBhagvadGeeta" */;
			compatibilityVersion = "Xcode 14.0";
			developmentRegion = en;
			hasScannedForEncodings = 0;
			knownRegions = (
				en,
				Base,
			);
			mainGroup = DDEA58CF2B3A95FE005D6F20;
			packageReferences = (
				DDEA59082B3AA4ED005D6F20 /* XCRemoteSwiftPackageReference "Alamofire" */,
			);
			productRefGroup = DDEA58D92B3A95FE005D6F20 /* Products */;
			projectDirPath = "";
			projectRoot = "";
			targets = (
				DDEA58D72B3A95FE005D6F20 /* ShreemadBhagvadGeeta */,
			);
		};
/* End PBXProject section */

/* Begin PBXResourcesBuildPhase section */
		DDEA58D62B3A95FE005D6F20 /* Resources */ = {
			isa = PBXResourcesBuildPhase;
			buildActionMask = 2147483647;
			files = (
				DDEA58EB2B3A9602005D6F20 /* LaunchScreen.storyboard in Resources */,
				DDEA58E82B3A9602005D6F20 /* Assets.xcassets in Resources */,
				DDEA58E32B3A95FE005D6F20 /* Main.storyboard in Resources */,
			);
			runOnlyForDeploymentPostprocessing = 0;
		};
/* End PBXResourcesBuildPhase section */

/* Begin PBXSourcesBuildPhase section */
		DDEA58D42B3A95FE005D6F20 /* Sources */ = {
			isa = PBXSourcesBuildPhase;
			buildActionMask = 2147483647;
			files = (
				DDEA58DC2B3A95FE005D6F20 /* AppDelegate.swift in Sources */,
				DDEA58DE2B3A95FE005D6F20 /* SceneDelegate.swift in Sources */,
				DDEA58E62B3A95FE005D6F20 /* ShreemadBhagvadGeeta.xcdatamodeld in Sources */,
				DDEA59072B3A9EDD005D6F20 /* IndexCell.swift in Sources */,
				DDEA590C2B3AAAF9005D6F20 /* BhagvadGeetaShlok.swift in Sources */,
				DDEA59052B3A9E3A005D6F20 /* BhagdaxGeetaIndex.swift in Sources */,
			);
			runOnlyForDeploymentPostprocessing = 0;
		};
/* End PBXSourcesBuildPhase section */

/* Begin PBXVariantGroup section */
		DDEA58E12B3A95FE005D6F20 /* Main.storyboard */ = {
			isa = PBXVariantGroup;
			children = (
				DDEA58E22B3A95FE005D6F20 /* Base */,
			);
			name = Main.storyboard;
			sourceTree = "<group>";
		};
		DDEA58E92B3A9602005D6F20 /* LaunchScreen.storyboard */ = {
			isa = PBXVariantGroup;
			children = (
				DDEA58EA2B3A9602005D6F20 /* Base */,
			);
			name = LaunchScreen.storyboard;
			sourceTree = "<group>";
		};
/* End PBXVariantGroup section */

/* Begin XCBuildConfiguration section */
		DDEA58ED2B3A9602005D6F20 /* Debug */ = {
			isa = XCBuildConfiguration;
			buildSettings = {
				ALWAYS_SEARCH_USER_PATHS = NO;
				ASSETCATALOG_COMPILER_GENERATE_SWIFT_ASSET_SYMBOL_EXTENSIONS = YES;
				CLANG_ANALYZER_NONNULL = YES;
				CLANG_ANALYZER_NUMBER_OBJECT_CONVERSION = YES_AGGRESSIVE;
				CLANG_CXX_LANGUAGE_STANDARD = "gnu++20";
				CLANG_ENABLE_MODULES = YES;
				CLANG_ENABLE_OBJC_ARC = YES;
				CLANG_ENABLE_OBJC_WEAK = YES;
				CLANG_WARN_BLOCK_CAPTURE_AUTORELEASING = YES;
				CLANG_WARN_BOOL_CONVERSION = YES;
				CLANG_WARN_COMMA = YES;
				CLANG_WARN_CONSTANT_CONVERSION = YES;
				CLANG_WARN_DEPRECATED_OBJC_IMPLEMENTATIONS = YES;
				CLANG_WARN_DIRECT_OBJC_ISA_USAGE = YES_ERROR;
				CLANG_WARN_DOCUMENTATION_COMMENTS = YES;
				CLANG_WARN_EMPTY_BODY = YES;
				CLANG_WARN_ENUM_CONVERSION = YES;
				CLANG_WARN_INFINITE_RECURSION = YES;
				CLANG_WARN_INT_CONVERSION = YES;
				CLANG_WARN_NON_LITERAL_NULL_CONVERSION = YES;
				CLANG_WARN_OBJC_IMPLICIT_RETAIN_SELF = YES;
				CLANG_WARN_OBJC_LITERAL_CONVERSION = YES;
				CLANG_WARN_OBJC_ROOT_CLASS = YES_ERROR;
				CLANG_WARN_QUOTED_INCLUDE_IN_FRAMEWORK_HEADER = YES;
				CLANG_WARN_RANGE_LOOP_ANALYSIS = YES;
				CLANG_WARN_STRICT_PROTOTYPES = YES;
				CLANG_WARN_SUSPICIOUS_MOVE = YES;
				CLANG_WARN_UNGUARDED_AVAILABILITY = YES_AGGRESSIVE;
				CLANG_WARN_UNREACHABLE_CODE = YES;
				CLANG_WARN__DUPLICATE_METHOD_MATCH = YES;
				COPY_PHASE_STRIP = NO;
				DEBUG_INFORMATION_FORMAT = dwarf;
				ENABLE_STRICT_OBJC_MSGSEND = YES;
				ENABLE_TESTABILITY = YES;
				ENABLE_USER_SCRIPT_SANDBOXING = YES;
				GCC_C_LANGUAGE_STANDARD = gnu17;
				GCC_DYNAMIC_NO_PIC = NO;
				GCC_NO_COMMON_BLOCKS = YES;
				GCC_OPTIMIZATION_LEVEL = 0;
				GCC_PREPROCESSOR_DEFINITIONS = (
					"DEBUG=1",
					"$(inherited)",
				);
				GCC_WARN_64_TO_32_BIT_CONVERSION = YES;
				GCC_WARN_ABOUT_RETURN_TYPE = YES_ERROR;
				GCC_WARN_UNDECLARED_SELECTOR = YES;
				GCC_WARN_UNINITIALIZED_AUTOS = YES_AGGRESSIVE;
				GCC_WARN_UNUSED_FUNCTION = YES;
				GCC_WARN_UNUSED_VARIABLE = YES;
				IPHONEOS_DEPLOYMENT_TARGET = 17.0;
				LOCALIZATION_PREFERS_STRING_CATALOGS = YES;
				MTL_ENABLE_DEBUG_INFO = INCLUDE_SOURCE;
				MTL_FAST_MATH = YES;
				ONLY_ACTIVE_ARCH = YES;
				SDKROOT = iphoneos;
				SWIFT_ACTIVE_COMPILATION_CONDITIONS = "DEBUG $(inherited)";
				SWIFT_OPTIMIZATION_LEVEL = "-Onone";
			};
			name = Debug;
		};
		DDEA58EE2B3A9602005D6F20 /* Release */ = {
			isa = XCBuildConfiguration;
			buildSettings = {
				ALWAYS_SEARCH_USER_PATHS = NO;
				ASSETCATALOG_COMPILER_GENERATE_SWIFT_ASSET_SYMBOL_EXTENSIONS = YES;
				CLANG_ANALYZER_NONNULL = YES;
				CLANG_ANALYZER_NUMBER_OBJECT_CONVERSION = YES_AGGRESSIVE;
				CLANG_CXX_LANGUAGE_STANDARD = "gnu++20";
				CLANG_ENABLE_MODULES = YES;
				CLANG_ENABLE_OBJC_ARC = YES;
				CLANG_ENABLE_OBJC_WEAK = YES;
				CLANG_WARN_BLOCK_CAPTURE_AUTORELEASING = YES;
				CLANG_WARN_BOOL_CONVERSION = YES;
				CLANG_WARN_COMMA = YES;
				CLANG_WARN_CONSTANT_CONVERSION = YES;
				CLANG_WARN_DEPRECATED_OBJC_IMPLEMENTATIONS = YES;
				CLANG_WARN_DIRECT_OBJC_ISA_USAGE = YES_ERROR;
				CLANG_WARN_DOCUMENTATION_COMMENTS = YES;
				CLANG_WARN_EMPTY_BODY = YES;
				CLANG_WARN_ENUM_CONVERSION = YES;
				CLANG_WARN_INFINITE_RECURSION = YES;
				CLANG_WARN_INT_CONVERSION = YES;
				CLANG_WARN_NON_LITERAL_NULL_CONVERSION = YES;
				CLANG_WARN_OBJC_IMPLICIT_RETAIN_SELF = YES;
				CLANG_WARN_OBJC_LITERAL_CONVERSION = YES;
				CLANG_WARN_OBJC_ROOT_CLASS = YES_ERROR;
				CLANG_WARN_QUOTED_INCLUDE_IN_FRAMEWORK_HEADER = YES;
				CLANG_WARN_RANGE_LOOP_ANALYSIS = YES;
				CLANG_WARN_STRICT_PROTOTYPES = YES;
				CLANG_WARN_SUSPICIOUS_MOVE = YES;
				CLANG_WARN_UNGUARDED_AVAILABILITY = YES_AGGRESSIVE;
				CLANG_WARN_UNREACHABLE_CODE = YES;
				CLANG_WARN__DUPLICATE_METHOD_MATCH = YES;
				COPY_PHASE_STRIP = NO;
				DEBUG_INFORMATION_FORMAT = "dwarf-with-dsym";
				ENABLE_NS_ASSERTIONS = NO;
				ENABLE_STRICT_OBJC_MSGSEND = YES;
				ENABLE_USER_SCRIPT_SANDBOXING = YES;
				GCC_C_LANGUAGE_STANDARD = gnu17;
				GCC_NO_COMMON_BLOCKS = YES;
				GCC_WARN_64_TO_32_BIT_CONVERSION = YES;
				GCC_WARN_ABOUT_RETURN_TYPE = YES_ERROR;
				GCC_WARN_UNDECLARED_SELECTOR = YES;
				GCC_WARN_UNINITIALIZED_AUTOS = YES_AGGRESSIVE;
				GCC_WARN_UNUSED_FUNCTION = YES;
				GCC_WARN_UNUSED_VARIABLE = YES;
				IPHONEOS_DEPLOYMENT_TARGET = 17.0;
				LOCALIZATION_PREFERS_STRING_CATALOGS = YES;
				MTL_ENABLE_DEBUG_INFO = NO;
				MTL_FAST_MATH = YES;
				SDKROOT = iphoneos;
				SWIFT_COMPILATION_MODE = wholemodule;
				VALIDATE_PRODUCT = YES;
			};
			name = Release;
		};
		DDEA58F02B3A9602005D6F20 /* Debug */ = {
			isa = XCBuildConfiguration;
			buildSettings = {
				ASSETCATALOG_COMPILER_APPICON_NAME = AppIcon;
				ASSETCATALOG_COMPILER_GLOBAL_ACCENT_COLOR_NAME = AccentColor;
				CODE_SIGN_STYLE = Automatic;
				CURRENT_PROJECT_VERSION = 1;
				DEVELOPMENT_TEAM = "";
				GENERATE_INFOPLIST_FILE = YES;
				INFOPLIST_FILE = ShreemadBhagvadGeeta/Info.plist;
				INFOPLIST_KEY_UIApplicationSupportsIndirectInputEvents = YES;
				INFOPLIST_KEY_UILaunchStoryboardName = LaunchScreen;
				INFOPLIST_KEY_UIMainStoryboardFile = Main;
				INFOPLIST_KEY_UISupportedInterfaceOrientations_iPad = "UIInterfaceOrientationPortrait UIInterfaceOrientationPortraitUpsideDown UIInterfaceOrientationLandscapeLeft UIInterfaceOrientationLandscapeRight";
				INFOPLIST_KEY_UISupportedInterfaceOrientations_iPhone = "UIInterfaceOrientationPortrait UIInterfaceOrientationLandscapeLeft UIInterfaceOrientationLandscapeRight";
				LD_RUNPATH_SEARCH_PATHS = (
					"$(inherited)",
					"@executable_path/Frameworks",
				);
				MARKETING_VERSION = 1.0;
				PRODUCT_BUNDLE_IDENTIFIER = com.ShreemadBhagvadGeeta;
				PRODUCT_NAME = "$(TARGET_NAME)";
				SWIFT_EMIT_LOC_STRINGS = YES;
				SWIFT_VERSION = 5.0;
				TARGETED_DEVICE_FAMILY = "1,2";
			};
			name = Debug;
		};
		DDEA58F12B3A9602005D6F20 /* Release */ = {
			isa = XCBuildConfiguration;
			buildSettings = {
				ASSETCATALOG_COMPILER_APPICON_NAME = AppIcon;
				ASSETCATALOG_COMPILER_GLOBAL_ACCENT_COLOR_NAME = AccentColor;
				CODE_SIGN_STYLE = Automatic;
				CURRENT_PROJECT_VERSION = 1;
				DEVELOPMENT_TEAM = "";
				GENERATE_INFOPLIST_FILE = YES;
				INFOPLIST_FILE = ShreemadBhagvadGeeta/Info.plist;
				INFOPLIST_KEY_UIApplicationSupportsIndirectInputEvents = YES;
				INFOPLIST_KEY_UILaunchStoryboardName = LaunchScreen;
				INFOPLIST_KEY_UIMainStoryboardFile = Main;
				INFOPLIST_KEY_UISupportedInterfaceOrientations_iPad = "UIInterfaceOrientationPortrait UIInterfaceOrientationPortraitUpsideDown UIInterfaceOrientationLandscapeLeft UIInterfaceOrientationLandscapeRight";
				INFOPLIST_KEY_UISupportedInterfaceOrientations_iPhone = "UIInterfaceOrientationPortrait UIInterfaceOrientationLandscapeLeft UIInterfaceOrientationLandscapeRight";
				LD_RUNPATH_SEARCH_PATHS = (
					"$(inherited)",
					"@executable_path/Frameworks",
				);
				MARKETING_VERSION = 1.0;
				PRODUCT_BUNDLE_IDENTIFIER = com.ShreemadBhagvadGeeta;
				PRODUCT_NAME = "$(TARGET_NAME)";
				SWIFT_EMIT_LOC_STRINGS = YES;
				SWIFT_VERSION = 5.0;
				TARGETED_DEVICE_FAMILY = "1,2";
			};
			name = Release;
		};
/* End XCBuildConfiguration section */

/* Begin XCConfigurationList section */
		DDEA58D32B3A95FE005D6F20 /* Build configuration list for PBXProject "ShreemadBhagvadGeeta" */ = {
			isa = XCConfigurationList;
			buildConfigurations = (
				DDEA58ED2B3A9602005D6F20 /* Debug */,
				DDEA58EE2B3A9602005D6F20 /* Release */,
			);
			defaultConfigurationIsVisible = 0;
			defaultConfigurationName = Release;
		};
		DDEA58EF2B3A9602005D6F20 /* Build configuration list for PBXNativeTarget "ShreemadBhagvadGeeta" */ = {
			isa = XCConfigurationList;
			buildConfigurations = (
				DDEA58F02B3A9602005D6F20 /* Debug */,
				DDEA58F12B3A9602005D6F20 /* Release */,
			);
			defaultConfigurationIsVisible = 0;
			defaultConfigurationName = Release;
		};
/* End XCConfigurationList section */

/* Begin XCRemoteSwiftPackageReference section */
		DDEA59082B3AA4ED005D6F20 /* XCRemoteSwiftPackageReference "Alamofire" */ = {
			isa = XCRemoteSwiftPackageReference;
			repositoryURL = "https://github.com/Alamofire/Alamofire.git";
			requirement = {
				kind = upToNextMajorVersion;
				minimumVersion = 5.8.1;
			};
		};
/* End XCRemoteSwiftPackageReference section */

/* Begin XCSwiftPackageProductDependency section */
		DDEA59092B3AA4ED005D6F20 /* Alamofire */ = {
			isa = XCSwiftPackageProductDependency;
			package = DDEA59082B3AA4ED005D6F20 /* XCRemoteSwiftPackageReference "Alamofire" */;
			productName = Alamofire;
		};
/* End XCSwiftPackageProductDependency section */

/* Begin XCVersionGroup section */
		DDEA58E42B3A95FE005D6F20 /* ShreemadBhagvadGeeta.xcdatamodeld */ = {
			isa = XCVersionGroup;
			children = (
				DDEA58E52B3A95FE005D6F20 /* ShreemadBhagvadGeeta.xcdatamodel */,
			);
			currentVersion = DDEA58E52B3A95FE005D6F20 /* ShreemadBhagvadGeeta.xcdatamodel */;
			path = ShreemadBhagvadGeeta.xcdatamodeld;
			sourceTree = "<group>";
			versionGroupType = wrapper.xcdatamodel;
		};
/* End XCVersionGroup section */
	};
	rootObject = DDEA58D02B3A95FE005D6F20 /* Project object */;
}
